{
  "version": 4,
  "terraform_version": "1.14.3",
  "serial": 57,
  "lineage": "84e06c02-779b-5a37-9345-7ceadf350996",
  "outputs": {
    "instance_ip": {
      "value": "34.138.5.161",
      "type": "string"
    },
    "logs_command": {
      "value": "gcloud compute ssh actuarius-bot --zone us-east1-b --project actuarius-488510 --tunnel-through-iap --command=\"docker logs actuarius --tail 100 -f\"",
      "type": "string"
    },
    "ssh_command": {
      "value": "gcloud compute ssh actuarius-bot --zone us-east1-b --project actuarius-488510 --tunnel-through-iap",
      "type": "string"
    }
  },
  "resources": [
    {
      "mode": "managed",
      "type": "google_compute_disk",
      "name": "data",
      "provider": "provider[\"registry.terraform.io/hashicorp/google\"]",
      "instances": [
        {
          "schema_version": 0,
          "attributes": {
            "access_mode": "",
            "async_primary_disk": [],
            "creation_timestamp": "2026-02-25T03:58:26.982-08:00",
            "description": "",
            "disk_encryption_key": [],
            "disk_id": "862159892552834317",
            "effective_labels": {},
            "enable_confidential_compute": false,
            "guest_os_features": [],
            "id": "projects/actuarius-488510/zones/us-east1-b/disks/actuarius-data",
            "image": "",
            "label_fingerprint": "42WmSpB8rSM=",
            "labels": {},
            "last_attach_timestamp": "2026-03-17T11:38:37.869-07:00",
            "last_detach_timestamp": "2026-03-17T11:38:43.041-07:00",
            "licenses": [],
            "name": "actuarius-data",
            "physical_block_size_bytes": 4096,
            "project": "actuarius-488510",
            "provisioned_iops": 0,
            "provisioned_throughput": 0,
            "self_link": "https://www.googleapis.com/compute/v1/projects/actuarius-488510/zones/us-east1-b/disks/actuarius-data",
            "size": 10,
            "snapshot": "",
            "source_disk": "",
            "source_disk_id": "",
            "source_image_encryption_key": [],
            "source_image_id": "",
            "source_snapshot_encryption_key": [],
            "source_snapshot_id": "",
            "storage_pool": "",
            "terraform_labels": {},
            "timeouts": null,
            "type": "pd-standard",
            "users": [],
            "zone": "us-east1-b"
          },
          "sensitive_attributes": [],
          "identity_schema_version": 0,
          "private": "eyJlMmJmYjczMC1lY2FhLTExZTYtOGY4OC0zNDM2M2JjN2M0YzAiOnsiY3JlYXRlIjoxMjAwMDAwMDAwMDAwLCJkZWxldGUiOjEyMDAwMDAwMDAwMDAsInVwZGF0ZSI6MTIwMDAwMDAwMDAwMH19"
        }
      ]
    },
    {
      "mode": "managed",
      "type": "google_compute_firewall",
      "name": "allow_iap_ssh",
      "provider": "provider[\"registry.terraform.io/hashicorp/google\"]",
      "instances": [
        {
          "schema_version": 1,
          "attributes": {
            "allow": [
              {
                "ports": [
                  "22"
                ],
                "protocol": "tcp"
              }
            ],
            "creation_timestamp": "2026-02-25T03:58:59.113-08:00",
            "deny": [],
            "description": "",
            "destination_ranges": [],
            "direction": "INGRESS",
            "disabled": false,
            "enable_logging": null,
            "id": "projects/actuarius-488510/global/firewalls/actuarius-allow-iap-ssh",
            "log_config": [],
            "name": "actuarius-allow-iap-ssh",
            "network": "https://www.googleapis.com/compute/v1/projects/actuarius-488510/global/networks/actuarius-vpc",
            "priority": 1000,
            "project": "actuarius-488510",
            "self_link": "https://www.googleapis.com/compute/v1/projects/actuarius-488510/global/firewalls/actuarius-allow-iap-ssh",
            "source_ranges": [
              "35.235.240.0/20"
            ],
            "source_service_accounts": [],
            "source_tags": [],
            "target_service_accounts": [],
            "target_tags": [
              "actuarius-bot"
            ],
            "timeouts": null
          },
          "sensitive_attributes": [],
          "identity_schema_version": 0,
          "private": "eyJlMmJmYjczMC1lY2FhLTExZTYtOGY4OC0zNDM2M2JjN2M0YzAiOnsiY3JlYXRlIjoxMjAwMDAwMDAwMDAwLCJkZWxldGUiOjEyMDAwMDAwMDAwMDAsInVwZGF0ZSI6MTIwMDAwMDAwMDAwMH0sInNjaGVtYV92ZXJzaW9uIjoiMSJ9",
          "dependencies": [
            "google_compute_network.vpc"
          ]
        }
      ]
    },
    {
      "mode": "managed",
      "type": "google_compute_network",
      "name": "vpc",
      "provider": "provider[\"registry.terraform.io/hashicorp/google\"]",
      "instances": [
        {
          "schema_version": 0,
          "attributes": {
            "auto_create_subnetworks": false,
            "delete_default_routes_on_create": false,
            "description": "",
            "enable_ula_internal_ipv6": false,
            "gateway_ipv4": "",
            "id": "projects/actuarius-488510/global/networks/actuarius-vpc",
            "internal_ipv6_range": "",
            "mtu": 0,
            "name": "actuarius-vpc",
            "network_firewall_policy_enforcement_order": "AFTER_CLASSIC_FIREWALL",
            "numeric_id": "6977409898547207438",
            "project": "actuarius-488510",
            "routing_mode": "REGIONAL",
            "self_link": "https://www.googleapis.com/compute/v1/projects/actuarius-488510/global/networks/actuarius-vpc",
            "timeouts": null
          },
          "sensitive_attributes": [],
          "identity_schema_version": 0,
          "private": "eyJlMmJmYjczMC1lY2FhLTExZTYtOGY4OC0zNDM2M2JjN2M0YzAiOnsiY3JlYXRlIjoxMjAwMDAwMDAwMDAwLCJkZWxldGUiOjEyMDAwMDAwMDAwMDAsInVwZGF0ZSI6MTIwMDAwMDAwMDAwMH19"
        }
      ]
    },
    {
      "mode": "managed",
      "type": "google_compute_subnetwork",
      "name": "subnet",
      "provider": "provider[\"registry.terraform.io/hashicorp/google\"]",
      "instances": [
        {
          "schema_version": 0,
          "attributes": {
            "creation_timestamp": "2026-02-25T03:58:59.611-08:00",
            "description": "",
            "external_ipv6_prefix": "",
            "fingerprint": null,
            "gateway_address": "10.0.0.1",
            "id": "projects/actuarius-488510/regions/us-east1/subnetworks/actuarius-subnet",
            "internal_ipv6_prefix": "",
            "ip_cidr_range": "10.0.0.0/24",
            "ipv6_access_type": "",
            "ipv6_cidr_range": "",
            "log_config": [],
            "name": "actuarius-subnet",
            "network": "https://www.googleapis.com/compute/v1/projects/actuarius-488510/global/networks/actuarius-vpc",
            "private_ip_google_access": false,
            "private_ipv6_google_access": "DISABLE_GOOGLE_ACCESS",
            "project": "actuarius-488510",
            "purpose": "PRIVATE",
            "region": "us-east1",
            "role": "",
            "secondary_ip_range": [],
            "self_link": "https://www.googleapis.com/compute/v1/projects/actuarius-488510/regions/us-east1/subnetworks/actuarius-subnet",
            "send_secondary_ip_range_if_empty": null,
            "stack_type": "IPV4_ONLY",
            "timeouts": null
          },
          "sensitive_attributes": [],
          "identity_schema_version": 0,
          "private": "eyJlMmJmYjczMC1lY2FhLTExZTYtOGY4OC0zNDM2M2JjN2M0YzAiOnsiY3JlYXRlIjoxMjAwMDAwMDAwMDAwLCJkZWxldGUiOjEyMDAwMDAwMDAwMDAsInVwZGF0ZSI6MTIwMDAwMDAwMDAwMH19",
          "dependencies": [
            "google_compute_network.vpc"
          ]
        }
      ]
    },
    {
      "mode": "managed",
      "type": "google_service_account",
      "name": "actuarius_bot",
      "provider": "provider[\"registry.terraform.io/hashicorp/google\"]",
      "instances": [
        {
          "schema_version": 0,
          "attributes": {
            "account_id": "actuarius-bot",
            "create_ignore_already_exists": null,
            "description": "",
            "disabled": false,
            "display_name": "Actuarius Bot",
            "email": "actuarius-bot@actuarius-488510.iam.gserviceaccount.com",
            "id": "projects/actuarius-488510/serviceAccounts/actuarius-bot@actuarius-488510.iam.gserviceaccount.com",
            "member": "serviceAccount:actuarius-bot@actuarius-488510.iam.gserviceaccount.com",
            "name": "projects/actuarius-488510/serviceAccounts/actuarius-bot@actuarius-488510.iam.gserviceaccount.com",
            "project": "actuarius-488510",
            "timeouts": null,
            "unique_id": "116572532736550057607"
          },
          "sensitive_attributes": [],
          "identity_schema_version": 0,
          "private": "eyJlMmJmYjczMC1lY2FhLTExZTYtOGY4OC0zNDM2M2JjN2M0YzAiOnsiY3JlYXRlIjozMDAwMDAwMDAwMDB9fQ=="
        }
      ]
    }
  ],
  "check_results": null
}
